
Microsoft Visual Studio Solution File, Format Version 12.00
# Visual Studio 2013
VisualStudioVersion = 12.0.20623.1 VSUPREVIEW
MinimumVisualStudioVersion = 10.0.40219.1
Project("{FAE04EC0-301F-11D3-BF4B-00C04F79EFBC}") = "NotifyIconWpf", "NotifyIconWpf\NotifyIconWpf.csproj", "{7AC63864-7638-41C4-969C-D3197EF2BED9}"
EndProject
Project("{FAE04EC0-301F-11D3-BF4B-00C04F79EFBC}") = "AGENTIK", "AGENTIK\AGENTIK.csproj", "{71C74F29-F1C2-49C5-969F-C25AC4CDFCCC}"
EndProject
Project("{FAE04EC0-301F-11D3-BF4B-00C04F79EFBC}") = "Updater", "Updater\Updater.csproj", "{46FB8134-0AAE-4E81-9B95-65DC9FDAA330}"
EndProject
Global
	GlobalSection(SolutionConfigurationPlatforms) = preSolution
		CD_ROM|Any CPU = CD_ROM|Any CPU
		Debug|Any CPU = Debug|Any CPU
		DVD-5|Any CPU = DVD-5|Any CPU
		Release|Any CPU = Release|Any CPU
		SingleImage|Any CPU = SingleImage|Any CPU
	EndGlobalSection
	GlobalSection(ProjectConfigurationPlatforms) = postSolution
		{7AC63864-7638-41C4-969C-D3197EF2BED9}.CD_ROM|Any CPU.ActiveCfg = Release|Any CPU
		{7AC63864-7638-41C4-969C-D3197EF2BED9}.CD_ROM|Any CPU.Build.0 = Release|Any CPU
		{7AC63864-7638-41C4-969C-D3197EF2BED9}.Debug|Any CPU.ActiveCfg = Debug|Any CPU
		{7AC63864-7638-41C4-969C-D3197EF2BED9}.Debug|Any CPU.Build.0 = Debug|Any CPU
		{7AC63864-7638-41C4-969C-D3197EF2BED9}.DVD-5|Any CPU.ActiveCfg = Debug|Any CPU
		{7AC63864-7638-41C4-969C-D3197EF2BED9}.DVD-5|Any CPU.Build.0 = Debug|Any CPU
		{7AC63864-7638-41C4-969C-D3197EF2BED9}.Release|Any CPU.ActiveCfg = Release|Any CPU
		{7AC63864-7638-41C4-969C-D3197EF2BED9}.Release|Any CPU.Build.0 = Release|Any CPU
		{7AC63864-7638-41C4-969C-D3197EF2BED9}.SingleImage|Any CPU.ActiveCfg = Release|Any CPU
		{7AC63864-7638-41C4-969C-D3197EF2BED9}.SingleImage|Any CPU.Build.0 = Release|Any CPU
		{71C74F29-F1C2-49C5-969F-C25AC4CDFCCC}.CD_ROM|Any CPU.ActiveCfg = Release|Any CPU
		{71C74F29-F1C2-49C5-969F-C25AC4CDFCCC}.CD_ROM|Any CPU.Build.0 = Release|Any CPU
		{71C74F29-F1C2-49C5-969F-C25AC4CDFCCC}.Debug|Any CPU.ActiveCfg = Debug|Any CPU
		{71C74F29-F1C2-49C5-969F-C25AC4CDFCCC}.Debug|Any CPU.Build.0 = Debug|Any CPU
		{71C74F29-F1C2-49C5-969F-C25AC4CDFCCC}.DVD-5|Any CPU.ActiveCfg = Debug|Any CPU
		{71C74F29-F1C2-49C5-969F-C25AC4CDFCCC}.DVD-5|Any CPU.Build.0 = Debug|Any CPU
		{71C74F29-F1C2-49C5-969F-C25AC4CDFCCC}.Release|Any CPU.ActiveCfg = Release|Any CPU
		{71C74F29-F1C2-49C5-969F-C25AC4CDFCCC}.Release|Any CPU.Build.0 = Release|Any CPU
		{71C74F29-F1C2-49C5-969F-C25AC4CDFCCC}.SingleImage|Any CPU.ActiveCfg = Release|Any CPU
		{71C74F29-F1C2-49C5-969F-C25AC4CDFCCC}.SingleImage|Any CPU.Build.0 = Release|Any CPU
		{46FB8134-0AAE-4E81-9B95-65DC9FDAA330}.CD_ROM|Any CPU.ActiveCfg = Release|Any CPU
		{46FB8134-0AAE-4E81-9B95-65DC9FDAA330}.CD_ROM|Any CPU.Build.0 = Release|Any CPU
		{46FB8134-0AAE-4E81-9B95-65DC9FDAA330}.Debug|Any CPU.ActiveCfg = Debug|Any CPU
		{46FB8134-0AAE-4E81-9B95-65DC9FDAA330}.Debug|Any CPU.Build.0 = Debug|Any CPU
		{46FB8134-0AAE-4E81-9B95-65DC9FDAA330}.DVD-5|Any CPU.ActiveCfg = Debug|Any CPU
		{46FB8134-0AAE-4E81-9B95-65DC9FDAA330}.DVD-5|Any CPU.Build.0 = Debug|Any CPU
		{46FB8134-0AAE-4E81-9B95-65DC9FDAA330}.Release|Any CPU.ActiveCfg = Release|Any CPU
		{46FB8134-0AAE-4E81-9B95-65DC9FDAA330}.Release|Any CPU.Build.0 = Release|Any CPU
		{46FB8134-0AAE-4E81-9B95-65DC9FDAA330}.SingleImage|Any CPU.ActiveCfg = Release|Any CPU
		{46FB8134-0AAE-4E81-9B95-65DC9FDAA330}.SingleImage|Any CPU.Build.0 = Release|Any CPU
	EndGlobalSection
	GlobalSection(SolutionProperties) = preSolution
		HideSolutionNode = FALSE
	EndGlobalSection
EndGlobal
